
Microsoft Visual Studio Solution File, Format Version 12.00
# Visual Studio 15
VisualStudioVersion = 15.0.26124.0
MinimumVisualStudioVersion = 15.0.26124.0
Project("{FAE04EC0-301F-11D3-BF4B-00C04F79EFBC}") = "SolarCoffee.data", "SolarCoffee.data\SolarCoffee.data.csproj", "{4EDF40AA-2ADF-478B-8CDC-2DDE5364FE10}"
EndProject
Project("{FAE04EC0-301F-11D3-BF4B-00C04F79EFBC}") = "SolarCoffee.services", "SolarCoffee.services\SolarCoffee.services.csproj", "{2C477693-4B00-4A08-84E1-2F14C1DFEA34}"
EndProject
Project("{FAE04EC0-301F-11D3-BF4B-00C04F79EFBC}") = "SolarCoffee.test", "SolarCoffee.test\SolarCoffee.test.csproj", "{20F0A603-2C02-4373-8CE5-170A413A2D90}"
EndProject
Project("{FAE04EC0-301F-11D3-BF4B-00C04F79EFBC}") = "SolarCoffee.web", "SolarCoffee.web\SolarCoffee.web.csproj", "{68295CBF-5ED9-41E0-B036-CE5E5098D3EB}"
EndProject
Global
	GlobalSection(SolutionConfigurationPlatforms) = preSolution
		Debug|Any CPU = Debug|Any CPU
		Debug|x64 = Debug|x64
		Debug|x86 = Debug|x86
		Release|Any CPU = Release|Any CPU
		Release|x64 = Release|x64
		Release|x86 = Release|x86
	EndGlobalSection
	GlobalSection(SolutionProperties) = preSolution
		HideSolutionNode = FALSE
	EndGlobalSection
	GlobalSection(ProjectConfigurationPlatforms) = postSolution
		{4EDF40AA-2ADF-478B-8CDC-2DDE5364FE10}.Debug|Any CPU.ActiveCfg = Debug|Any CPU
		{4EDF40AA-2ADF-478B-8CDC-2DDE5364FE10}.Debug|Any CPU.Build.0 = Debug|Any CPU
		{4EDF40AA-2ADF-478B-8CDC-2DDE5364FE10}.Debug|x64.ActiveCfg = Debug|Any CPU
		{4EDF40AA-2ADF-478B-8CDC-2DDE5364FE10}.Debug|x64.Build.0 = Debug|Any CPU
		{4EDF40AA-2ADF-478B-8CDC-2DDE5364FE10}.Debug|x86.ActiveCfg = Debug|Any CPU
		{4EDF40AA-2ADF-478B-8CDC-2DDE5364FE10}.Debug|x86.Build.0 = Debug|Any CPU
		{4EDF40AA-2ADF-478B-8CDC-2DDE5364FE10}.Release|Any CPU.ActiveCfg = Release|Any CPU
		{4EDF40AA-2ADF-478B-8CDC-2DDE5364FE10}.Release|Any CPU.Build.0 = Release|Any CPU
		{4EDF40AA-2ADF-478B-8CDC-2DDE5364FE10}.Release|x64.ActiveCfg = Release|Any CPU
		{4EDF40AA-2ADF-478B-8CDC-2DDE5364FE10}.Release|x64.Build.0 = Release|Any CPU
		{4EDF40AA-2ADF-478B-8CDC-2DDE5364FE10}.Release|x86.ActiveCfg = Release|Any CPU
		{4EDF40AA-2ADF-478B-8CDC-2DDE5364FE10}.Release|x86.Build.0 = Release|Any CPU
		{2C477693-4B00-4A08-84E1-2F14C1DFEA34}.Debug|Any CPU.ActiveCfg = Debug|Any CPU
		{2C477693-4B00-4A08-84E1-2F14C1DFEA34}.Debug|Any CPU.Build.0 = Debug|Any CPU
		{2C477693-4B00-4A08-84E1-2F14C1DFEA34}.Debug|x64.ActiveCfg = Debug|Any CPU
		{2C477693-4B00-4A08-84E1-2F14C1DFEA34}.Debug|x64.Build.0 = Debug|Any CPU
		{2C477693-4B00-4A08-84E1-2F14C1DFEA34}.Debug|x86.ActiveCfg = Debug|Any CPU
		{2C477693-4B00-4A08-84E1-2F14C1DFEA34}.Debug|x86.Build.0 = Debug|Any CPU
		{2C477693-4B00-4A08-84E1-2F14C1DFEA34}.Release|Any CPU.ActiveCfg = Release|Any CPU
		{2C477693-4B00-4A08-84E1-2F14C1DFEA34}.Release|Any CPU.Build.0 = Release|Any CPU
		{2C477693-4B00-4A08-84E1-2F14C1DFEA34}.Release|x64.ActiveCfg = Release|Any CPU
		{2C477693-4B00-4A08-84E1-2F14C1DFEA34}.Release|x64.Build.0 = Release|Any CPU
		{2C477693-4B00-4A08-84E1-2F14C1DFEA34}.Release|x86.ActiveCfg = Release|Any CPU
		{2C477693-4B00-4A08-84E1-2F14C1DFEA34}.Release|x86.Build.0 = Release|Any CPU
		{20F0A603-2C02-4373-8CE5-170A413A2D90}.Debug|Any CPU.ActiveCfg = Debug|Any CPU
		{20F0A603-2C02-4373-8CE5-170A413A2D90}.Debug|Any CPU.Build.0 = Debug|Any CPU
		{20F0A603-2C02-4373-8CE5-170A413A2D90}.Debug|x64.ActiveCfg = Debug|Any CPU
		{20F0A603-2C02-4373-8CE5-170A413A2D90}.Debug|x64.Build.0 = Debug|Any CPU
		{20F0A603-2C02-4373-8CE5-170A413A2D90}.Debug|x86.ActiveCfg = Debug|Any CPU
		{20F0A603-2C02-4373-8CE5-170A413A2D90}.Debug|x86.Build.0 = Debug|Any CPU
		{20F0A603-2C02-4373-8CE5-170A413A2D90}.Release|Any CPU.ActiveCfg = Release|Any CPU
		{20F0A603-2C02-4373-8CE5-170A413A2D90}.Release|Any CPU.Build.0 = Release|Any CPU
		{20F0A603-2C02-4373-8CE5-170A413A2D90}.Release|x64.ActiveCfg = Release|Any CPU
		{20F0A603-2C02-4373-8CE5-170A413A2D90}.Release|x64.Build.0 = Release|Any CPU
		{20F0A603-2C02-4373-8CE5-170A413A2D90}.Release|x86.ActiveCfg = Release|Any CPU
		{20F0A603-2C02-4373-8CE5-170A413A2D90}.Release|x86.Build.0 = Release|Any CPU
		{68295CBF-5ED9-41E0-B036-CE5E5098D3EB}.Debug|Any CPU.ActiveCfg = Debug|Any CPU
		{68295CBF-5ED9-41E0-B036-CE5E5098D3EB}.Debug|Any CPU.Build.0 = Debug|Any CPU
		{68295CBF-5ED9-41E0-B036-CE5E5098D3EB}.Debug|x64.ActiveCfg = Debug|Any CPU
		{68295CBF-5ED9-41E0-B036-CE5E5098D3EB}.Debug|x64.Build.0 = Debug|Any CPU
		{68295CBF-5ED9-41E0-B036-CE5E5098D3EB}.Debug|x86.ActiveCfg = Debug|Any CPU
		{68295CBF-5ED9-41E0-B036-CE5E5098D3EB}.Debug|x86.Build.0 = Debug|Any CPU
		{68295CBF-5ED9-41E0-B036-CE5E5098D3EB}.Release|Any CPU.ActiveCfg = Release|Any CPU
		{68295CBF-5ED9-41E0-B036-CE5E5098D3EB}.Release|Any CPU.Build.0 = Release|Any CPU
		{68295CBF-5ED9-41E0-B036-CE5E5098D3EB}.Release|x64.ActiveCfg = Release|Any CPU
		{68295CBF-5ED9-41E0-B036-CE5E5098D3EB}.Release|x64.Build.0 = Release|Any CPU
		{68295CBF-5ED9-41E0-B036-CE5E5098D3EB}.Release|x86.ActiveCfg = Release|Any CPU
		{68295CBF-5ED9-41E0-B036-CE5E5098D3EB}.Release|x86.Build.0 = Release|Any CPU
	EndGlobalSection
EndGlobal
